// !$*UTF8*$!
{
	archiveVersion = 1;
	classes = {
	};
	objectVersion = 56;
	objects = {

/* Begin PBXBuildFile section */
		161833432A5551A90083BC43 /* AppDelegate.m in Sources */ = {isa = PBXBuildFile; fileRef = 161833422A5551A90083BC43 /* AppDelegate.m */; };
		161833462A5551A90083BC43 /* SceneDelegate.m in Sources */ = {isa = PBXBuildFile; fileRef = 161833452A5551A90083BC43 /* SceneDelegate.m */; };
		161833492A5551A90083BC43 /* ViewController.m in Sources */ = {isa = PBXBuildFile; fileRef = 161833482A5551A90083BC43 /* ViewController.m */; };
		1618334C2A5551A90083BC43 /* Main.storyboard in Resources */ = {isa = PBXBuildFile; fileRef = 1618334A2A5551A90083BC43 /* Main.storyboard */; };
		1618334E2A5551AC0083BC43 /* Assets.xcassets in Resources */ = {isa = PBXBuildFile; fileRef = 1618334D2A5551AC0083BC43 /* Assets.xcassets */; };
		161833512A5551AC0083BC43 /* LaunchScreen.storyboard in Resources */ = {isa = PBXBuildFile; fileRef = 1618334F2A5551AC0083BC43 /* LaunchScreen.storyboard */; };
		161833542A5551AC0083BC43 /* main.m in Sources */ = {isa = PBXBuildFile; fileRef = 161833532A5551AC0083BC43 /* main.m */; };
		1618335D2A5553FC0083BC43 /* ImageTableViewCell.m in Sources */ = {isa = PBXBuildFile; fileRef = 1618335B2A5553FC0083BC43 /* ImageTableViewCell.m */; };
		1618335E2A5553FC0083BC43 /* ImageTableViewCell.xib in Resources */ = {isa = PBXBuildFile; fileRef = 1618335C2A5553FC0083BC43 /* ImageTableViewCell.xib */; };
		C401BF0AEF55915A5D708543 /* Pods_ImageMemoryDemo.framework in Frameworks */ = {isa = PBXBuildFile; fileRef = 3DFF58688CC1168DA23F02F0 /* Pods_ImageMemoryDemo.framework */; };
/* End PBXBuildFile section */

/* Begin PBXFileReference section */
		1618333E2A5551A90083BC43 /* ImageMemoryDemo.app */ = {isa = PBXFileReference; explicitFileType = wrapper.application; includeInIndex = 0; path = ImageMemoryDemo.app; sourceTree = BUILT_PRODUCTS_DIR; };
		161833412A5551A90083BC43 /* AppDelegate.h */ = {isa = PBXFileReference; lastKnownFileType = sourcecode.c.h; path = AppDelegate.h; sourceTree = "<group>"; };
		161833422A5551A90083BC43 /* AppDelegate.m */ = {isa = PBXFileReference; lastKnownFileType = sourcecode.c.objc; path = AppDelegate.m; sourceTree = "<group>"; };
		161833442A5551A90083BC43 /* SceneDelegate.h */ = {isa = PBXFileReference; lastKnownFileType = sourcecode.c.h; path = SceneDelegate.h; sourceTree = "<group>"; };
		161833452A5551A90083BC43 /* SceneDelegate.m */ = {isa = PBXFileReference; lastKnownFileType = sourcecode.c.objc; path = SceneDelegate.m; sourceTree = "<group>"; };
		161833472A5551A90083BC43 /* ViewController.h */ = {isa = PBXFileReference; lastKnownFileType = sourcecode.c.h; path = ViewController.h; sourceTree = "<group>"; };
		161833482A5551A90083BC43 /* ViewController.m */ = {isa = PBXFileReference; lastKnownFileType = sourcecode.c.objc; path = ViewController.m; sourceTree = "<group>"; };
		1618334B2A5551A90083BC43 /* Base */ = {isa = PBXFileReference; lastKnownFileType = file.storyboard; name = Base; path = Base.lproj/Main.storyboard; sourceTree = "<group>"; };
		1618334D2A5551AC0083BC43 /* Assets.xcassets */ = {isa = PBXFileReference; lastKnownFileType = folder.assetcatalog; path = Assets.xcassets; sourceTree = "<group>"; };
		161833502A5551AC0083BC43 /* Base */ = {isa = PBXFileReference; lastKnownFileType = file.storyboard; name = Base; path = Base.lproj/LaunchScreen.storyboard; sourceTree = "<group>"; };
		161833522A5551AC0083BC43 /* Info.plist */ = {isa = PBXFileReference; lastKnownFileType = text.plist.xml; path = Info.plist; sourceTree = "<group>"; };
		161833532A5551AC0083BC43 /* main.m */ = {isa = PBXFileReference; lastKnownFileType = sourcecode.c.objc; path = main.m; sourceTree = "<group>"; };
		1618335A2A5553FC0083BC43 /* ImageTableViewCell.h */ = {isa = PBXFileReference; lastKnownFileType = sourcecode.c.h; path = ImageTableViewCell.h; sourceTree = "<group>"; };
		1618335B2A5553FC0083BC43 /* ImageTableViewCell.m */ = {isa = PBXFileReference; lastKnownFileType = sourcecode.c.objc; path = ImageTableViewCell.m; sourceTree = "<group>"; };
		1618335C2A5553FC0083BC43 /* ImageTableViewCell.xib */ = {isa = PBXFileReference; lastKnownFileType = file.xib; path = ImageTableViewCell.xib; sourceTree = "<group>"; };
		3318F217C35C703AC0CB1D70 /* Pods-ImageMemoryDemo.release.xcconfig */ = {isa = PBXFileReference; includeInIndex = 1; lastKnownFileType = text.xcconfig; name = "Pods-ImageMemoryDemo.release.xcconfig"; path = "Target Support Files/Pods-ImageMemoryDemo/Pods-ImageMemoryDemo.release.xcconfig"; sourceTree = "<group>"; };
		3DFF58688CC1168DA23F02F0 /* Pods_ImageMemoryDemo.framework */ = {isa = PBXFileReference; explicitFileType = wrapper.framework; includeInIndex = 0; path = Pods_ImageMemoryDemo.framework; sourceTree = BUILT_PRODUCTS_DIR; };
		86049427A98424A87995D1C2 /* Pods-ImageMemoryDemo.debug.xcconfig */ = {isa = PBXFileReference; includeInIndex = 1; lastKnownFileType = text.xcconfig; name = "Pods-ImageMemoryDemo.debug.xcconfig"; path = "Target Support Files/Pods-ImageMemoryDemo/Pods-ImageMemoryDemo.debug.xcconfig"; sourceTree = "<group>"; };
/* End PBXFileReference section */

/* Begin PBXFrameworksBuildPhase section */
		1618333B2A5551A80083BC43 /* Frameworks */ = {
			isa = PBXFrameworksBuildPhase;
			buildActionMask = 2147483647;
			files = (
				C401BF0AEF55915A5D708543 /* Pods_ImageMemoryDemo.framework in Frameworks */,
			);
			runOnlyForDeploymentPostprocessing = 0;
		};
/* End PBXFrameworksBuildPhase section */

/* Begin PBXGroup section */
		161833352A5551A80083BC43 = {
			isa = PBXGroup;
			children = (
				161833402A5551A90083BC43 /* ImageMemoryDemo */,
				1618333F2A5551A90083BC43 /* Products */,
				5AE65E3F1380C15141732F67 /* Pods */,
				EC6405B23F26EAE6F37D5883 /* Frameworks */,
			);
			sourceTree = "<group>";
		};
		1618333F2A5551A90083BC43 /* Products */ = {
			isa = PBXGroup;
			children = (
				1618333E2A5551A90083BC43 /* ImageMemoryDemo.app */,
			);
			name = Products;
			sourceTree = "<group>";
		};
		161833402A5551A90083BC43 /* ImageMemoryDemo */ = {
			isa = PBXGroup;
			children = (
				161833412A5551A90083BC43 /* AppDelegate.h */,
				161833422A5551A90083BC43 /* AppDelegate.m */,
				161833442A5551A90083BC43 /* SceneDelegate.h */,
				161833452A5551A90083BC43 /* SceneDelegate.m */,
				161833472A5551A90083BC43 /* ViewController.h */,
				161833482A5551A90083BC43 /* ViewController.m */,
				1618335A2A5553FC0083BC43 /* ImageTableViewCell.h */,
				1618335B2A5553FC0083BC43 /* ImageTableViewCell.m */,
				1618335C2A5553FC0083BC43 /* ImageTableViewCell.xib */,
				1618334A2A5551A90083BC43 /* Main.storyboard */,
				1618334D2A5551AC0083BC43 /* Assets.xcassets */,
				1618334F2A5551AC0083BC43 /* LaunchScreen.storyboard */,
				161833522A5551AC0083BC43 /* Info.plist */,
				161833532A5551AC0083BC43 /* main.m */,
			);
			path = ImageMemoryDemo;
			sourceTree = "<group>";
		};
		5AE65E3F1380C15141732F67 /* Pods */ = {
			isa = PBXGroup;
			children = (
				86049427A98424A87995D1C2 /* Pods-ImageMemoryDemo.debug.xcconfig */,
				3318F217C35C703AC0CB1D70 /* Pods-ImageMemoryDemo.release.xcconfig */,
			);
			path = Pods;
			sourceTree = "<group>";
		};
		EC6405B23F26EAE6F37D5883 /* Frameworks */ = {
			isa = PBXGroup;
			children = (
				3DFF58688CC1168DA23F02F0 /* Pods_ImageMemoryDemo.framework */,
			);
			name = Frameworks;
			sourceTree = "<group>";
		};
/* End PBXGroup section */

/* Begin PBXNativeTarget section */
		1618333D2A5551A80083BC43 /* ImageMemoryDemo */ = {
			isa = PBXNativeTarget;
			buildConfigurationList = 161833572A5551AC0083BC43 /* Build configuration list for PBXNativeTarget "ImageMemoryDemo" */;
			buildPhases = (
				3F3268CB2D7C4F9F3737B367 /* [CP] Check Pods Manifest.lock */,
				1618333A2A5551A80083BC43 /* Sources */,
				1618333B2A5551A80083BC43 /* Frameworks */,
				1618333C2A5551A80083BC43 /* Resources */,
				59FE96B12E101109E082C9B8 /* [CP] Embed Pods Frameworks */,
			);
			buildRules = (
			);
			dependencies = (
			);
			name = ImageMemoryDemo;
			productName = ImageMemoryDemo;
			productReference = 1618333E2A5551A90083BC43 /* ImageMemoryDemo.app */;
			productType = "com.apple.product-type.application";
		};
/* End PBXNativeTarget section */

/* Begin PBXProject section */
		161833362A5551A80083BC43 /* Project object */ = {
			isa = PBXProject;
			attributes = {
				BuildIndependentTargetsInParallel = 1;
				LastUpgradeCheck = 1430;
				TargetAttributes = {
					1618333D2A5551A80083BC43 = {
						CreatedOnToolsVersion = 14.3.1;
					};
				};
			};
			buildConfigurationList = 161833392A5551A80083BC43 /* Build configuration list for PBXProject "ImageMemoryDemo" */;
			compatibilityVersion = "Xcode 14.0";
			developmentRegion = en;
			hasScannedForEncodings = 0;
			knownRegions = (
				en,
				Base,
			);
			mainGroup = 161833352A5551A80083BC43;
			productRefGroup = 1618333F2A5551A90083BC43 /* Products */;
			projectDirPath = "";
			projectRoot = "";
			targets = (
				1618333D2A5551A80083BC43 /* ImageMemoryDemo */,
			);
		};
/* End PBXProject section */

/* Begin PBXResourcesBuildPhase section */
		1618333C2A5551A80083BC43 /* Resources */ = {
			isa = PBXResourcesBuildPhase;
			buildActionMask = 2147483647;
			files = (
				161833512A5551AC0083BC43 /* LaunchScreen.storyboard in Resources */,
				1618335E2A5553FC0083BC43 /* ImageTableViewCell.xib in Resources */,
				1618334E2A5551AC0083BC43 /* Assets.xcassets in Resources */,
				1618334C2A5551A90083BC43 /* Main.storyboard in Resources */,
			);
			runOnlyForDeploymentPostprocessing = 0;
		};
/* End PBXResourcesBuildPhase section */

/* Begin PBXShellScriptBuildPhase section */
		3F3268CB2D7C4F9F3737B367 /* [CP] Check Pods Manifest.lock */ = {
			isa = PBXShellScriptBuildPhase;
			buildActionMask = 2147483647;
			files = (
			);
			inputFileListPaths = (
			);
			inputPaths = (
				"${PODS_PODFILE_DIR_PATH}/Podfile.lock",
				"${PODS_ROOT}/Manifest.lock",
			);
			name = "[CP] Check Pods Manifest.lock";
			outputFileListPaths = (
			);
			outputPaths = (
				"$(DERIVED_FILE_DIR)/Pods-ImageMemoryDemo-checkManifestLockResult.txt",
			);
			runOnlyForDeploymentPostprocessing = 0;
			shellPath = /bin/sh;
			shellScript = "diff \"${PODS_PODFILE_DIR_PATH}/Podfile.lock\" \"${PODS_ROOT}/Manifest.lock\" > /dev/null\nif [ $? != 0 ] ; then\n    # print error to STDERR\n    echo \"error: The sandbox is not in sync with the Podfile.lock. Run 'pod install' or update your CocoaPods installation.\" >&2\n    exit 1\nfi\n# This output is used by Xcode 'outputs' to avoid re-running this script phase.\necho \"SUCCESS\" > \"${SCRIPT_OUTPUT_FILE_0}\"\n";
			showEnvVarsInLog = 0;
		};
		59FE96B12E101109E082C9B8 /* [CP] Embed Pods Frameworks */ = {
			isa = PBXShellScriptBuildPhase;
			buildActionMask = 2147483647;
			files = (
			);
			inputFileListPaths = (
				"${PODS_ROOT}/Target Support Files/Pods-ImageMemoryDemo/Pods-ImageMemoryDemo-frameworks-${CONFIGURATION}-input-files.xcfilelist",
			);
			name = "[CP] Embed Pods Frameworks";
			outputFileListPaths = (
				"${PODS_ROOT}/Target Support Files/Pods-ImageMemoryDemo/Pods-ImageMemoryDemo-frameworks-${CONFIGURATION}-output-files.xcfilelist",
			);
			runOnlyForDeploymentPostprocessing = 0;
			shellPath = /bin/sh;
			shellScript = "\"${PODS_ROOT}/Target Support Files/Pods-ImageMemoryDemo/Pods-ImageMemoryDemo-frameworks.sh\"\n";
			showEnvVarsInLog = 0;
		};
/* End PBXShellScriptBuildPhase section */

/* Begin PBXSourcesBuildPhase section */
		1618333A2A5551A80083BC43 /* Sources */ = {
			isa = PBXSourcesBuildPhase;
			buildActionMask = 2147483647;
			files = (
				161833492A5551A90083BC43 /* ViewController.m in Sources */,
				161833432A5551A90083BC43 /* AppDelegate.m in Sources */,
				1618335D2A5553FC0083BC43 /* ImageTableViewCell.m in Sources */,
				161833542A5551AC0083BC43 /* main.m in Sources */,
				161833462A5551A90083BC43 /* SceneDelegate.m in Sources */,
			);
			runOnlyForDeploymentPostprocessing = 0;
		};
/* End PBXSourcesBuildPhase section */

/* Begin PBXVariantGroup section */
		1618334A2A5551A90083BC43 /* Main.storyboard */ = {
			isa = PBXVariantGroup;
			children = (
				1618334B2A5551A90083BC43 /* Base */,
			);
			name = Main.storyboard;
			sourceTree = "<group>";
		};
		1618334F2A5551AC0083BC43 /* LaunchScreen.storyboard */ = {
			isa = PBXVariantGroup;
			children = (
				161833502A5551AC0083BC43 /* Base */,
			);
			name = LaunchScreen.storyboard;
			sourceTree = "<group>";
		};
/* End PBXVariantGroup section */

/* Begin XCBuildConfiguration section */
		161833552A5551AC0083BC43 /* Debug */ = {
			isa = XCBuildConfiguration;
			buildSettings = {
				ALWAYS_SEARCH_USER_PATHS = NO;
				CLANG_ANALYZER_NONNULL = YES;
				CLANG_ANALYZER_NUMBER_OBJECT_CONVERSION = YES_AGGRESSIVE;
				CLANG_CXX_LANGUAGE_STANDARD = "gnu++20";
				CLANG_ENABLE_MODULES = YES;
				CLANG_ENABLE_OBJC_ARC = YES;
				CLANG_ENABLE_OBJC_WEAK = YES;
				CLANG_WARN_BLOCK_CAPTURE_AUTORELEASING = YES;
				CLANG_WARN_BOOL_CONVERSION = YES;
				CLANG_WARN_COMMA = YES;
				CLANG_WARN_CONSTANT_CONVERSION = YES;
				CLANG_WARN_DEPRECATED_OBJC_IMPLEMENTATIONS = YES;
				CLANG_WARN_DIRECT_OBJC_ISA_USAGE = YES_ERROR;
				CLANG_WARN_DOCUMENTATION_COMMENTS = YES;
				CLANG_WARN_EMPTY_BODY = YES;
				CLANG_WARN_ENUM_CONVERSION = YES;
				CLANG_WARN_INFINITE_RECURSION = YES;
				CLANG_WARN_INT_CONVERSION = YES;
				CLANG_WARN_NON_LITERAL_NULL_CONVERSION = YES;
				CLANG_WARN_OBJC_IMPLICIT_RETAIN_SELF = YES;
				CLANG_WARN_OBJC_LITERAL_CONVERSION = YES;
				CLANG_WARN_OBJC_ROOT_CLASS = YES_ERROR;
				CLANG_WARN_QUOTED_INCLUDE_IN_FRAMEWORK_HEADER = YES;
				CLANG_WARN_RANGE_LOOP_ANALYSIS = YES;
				CLANG_WARN_STRICT_PROTOTYPES = YES;
				CLANG_WARN_SUSPICIOUS_MOVE = YES;
				CLANG_WARN_UNGUARDED_AVAILABILITY = YES_AGGRESSIVE;
				CLANG_WARN_UNREACHABLE_CODE = YES;
				CLANG_WARN__DUPLICATE_METHOD_MATCH = YES;
				COPY_PHASE_STRIP = NO;
				DEBUG_INFORMATION_FORMAT = dwarf;
				ENABLE_STRICT_OBJC_MSGSEND = YES;
				ENABLE_TESTABILITY = YES;
				GCC_C_LANGUAGE_STANDARD = gnu11;
				GCC_DYNAMIC_NO_PIC = NO;
				GCC_NO_COMMON_BLOCKS = YES;
				GCC_OPTIMIZATION_LEVEL = 0;
				GCC_PREPROCESSOR_DEFINITIONS = (
					"DEBUG=1",
					"$(inherited)",
				);
				GCC_WARN_64_TO_32_BIT_CONVERSION = YES;
				GCC_WARN_ABOUT_RETURN_TYPE = YES_ERROR;
				GCC_WARN_UNDECLARED_SELECTOR = YES;
				GCC_WARN_UNINITIALIZED_AUTOS = YES_AGGRESSIVE;
				GCC_WARN_UNUSED_FUNCTION = YES;
				GCC_WARN_UNUSED_VARIABLE = YES;
				IPHONEOS_DEPLOYMENT_TARGET = 16.4;
				MTL_ENABLE_DEBUG_INFO = INCLUDE_SOURCE;
				MTL_FAST_MATH = YES;
				ONLY_ACTIVE_ARCH = YES;
				SDKROOT = iphoneos;
			};
			name = Debug;
		};
		161833562A5551AC0083BC43 /* Release */ = {
			isa = XCBuildConfiguration;
			buildSettings = {
				ALWAYS_SEARCH_USER_PATHS = NO;
				CLANG_ANALYZER_NONNULL = YES;
				CLANG_ANALYZER_NUMBER_OBJECT_CONVERSION = YES_AGGRESSIVE;
				CLANG_CXX_LANGUAGE_STANDARD = "gnu++20";
				CLANG_ENABLE_MODULES = YES;
				CLANG_ENABLE_OBJC_ARC = YES;
				CLANG_ENABLE_OBJC_WEAK = YES;
				CLANG_WARN_BLOCK_CAPTURE_AUTORELEASING = YES;
				CLANG_WARN_BOOL_CONVERSION = YES;
				CLANG_WARN_COMMA = YES;
				CLANG_WARN_CONSTANT_CONVERSION = YES;
				CLANG_WARN_DEPRECATED_OBJC_IMPLEMENTATIONS = YES;
				CLANG_WARN_DIRECT_OBJC_ISA_USAGE = YES_ERROR;
				CLANG_WARN_DOCUMENTATION_COMMENTS = YES;
				CLANG_WARN_EMPTY_BODY = YES;
				CLANG_WARN_ENUM_CONVERSION = YES;
				CLANG_WARN_INFINITE_RECURSION = YES;
				CLANG_WARN_INT_CONVERSION = YES;
				CLANG_WARN_NON_LITERAL_NULL_CONVERSION = YES;
				CLANG_WARN_OBJC_IMPLICIT_RETAIN_SELF = YES;
				CLANG_WARN_OBJC_LITERAL_CONVERSION = YES;
				CLANG_WARN_OBJC_ROOT_CLASS = YES_ERROR;
				CLANG_WARN_QUOTED_INCLUDE_IN_FRAMEWORK_HEADER = YES;
				CLANG_WARN_RANGE_LOOP_ANALYSIS = YES;
				CLANG_WARN_STRICT_PROTOTYPES = YES;
				CLANG_WARN_SUSPICIOUS_MOVE = YES;
				CLANG_WARN_UNGUARDED_AVAILABILITY = YES_AGGRESSIVE;
				CLANG_WARN_UNREACHABLE_CODE = YES;
				CLANG_WARN__DUPLICATE_METHOD_MATCH = YES;
				COPY_PHASE_STRIP = NO;
				DEBUG_INFORMATION_FORMAT = "dwarf-with-dsym";
				ENABLE_NS_ASSERTIONS = NO;
				ENABLE_STRICT_OBJC_MSGSEND = YES;
				GCC_C_LANGUAGE_STANDARD = gnu11;
				GCC_NO_COMMON_BLOCKS = YES;
				GCC_WARN_64_TO_32_BIT_CONVERSION = YES;
				GCC_WARN_ABOUT_RETURN_TYPE = YES_ERROR;
				GCC_WARN_UNDECLARED_SELECTOR = YES;
				GCC_WARN_UNINITIALIZED_AUTOS = YES_AGGRESSIVE;
				GCC_WARN_UNUSED_FUNCTION = YES;
				GCC_WARN_UNUSED_VARIABLE = YES;
				IPHONEOS_DEPLOYMENT_TARGET = 16.4;
				MTL_ENABLE_DEBUG_INFO = NO;
				MTL_FAST_MATH = YES;
				SDKROOT = iphoneos;
				VALIDATE_PRODUCT = YES;
			};
			name = Release;
		};
		161833582A5551AC0083BC43 /* Debug */ = {
			isa = XCBuildConfiguration;
			baseConfigurationReference = 86049427A98424A87995D1C2 /* Pods-ImageMemoryDemo.debug.xcconfig */;
			buildSettings = {
				ASSETCATALOG_COMPILER_APPICON_NAME = AppIcon;
				ASSETCATALOG_COMPILER_GLOBAL_ACCENT_COLOR_NAME = AccentColor;
				CODE_SIGN_STYLE = Automatic;
				CURRENT_PROJECT_VERSION = 1;
				DEVELOPMENT_TEAM = M7BT2MY453;
				GENERATE_INFOPLIST_FILE = YES;
				INFOPLIST_FILE = ImageMemoryDemo/Info.plist;
				INFOPLIST_KEY_UIApplicationSupportsIndirectInputEvents = YES;
				INFOPLIST_KEY_UILaunchStoryboardName = LaunchScreen;
				INFOPLIST_KEY_UIMainStoryboardFile = Main;
				INFOPLIST_KEY_UISupportedInterfaceOrientations = UIInterfaceOrientationPortrait;
				INFOPLIST_KEY_UISupportedInterfaceOrientations_iPad = "UIInterfaceOrientationLandscapeLeft UIInterfaceOrientationPortrait";
				IPHONEOS_DEPLOYMENT_TARGET = 16.0;
				LD_RUNPATH_SEARCH_PATHS = (
					"$(inherited)",
					"@executable_path/Frameworks",
				);
				MARKETING_VERSION = 1.0;
				PRODUCT_BUNDLE_IDENTIFIER = com.hualala.imageMemoryDemo.ImageMemoryDemo;
				PRODUCT_NAME = "$(TARGET_NAME)";
				SWIFT_EMIT_LOC_STRINGS = YES;
				TARGETED_DEVICE_FAMILY = "1,2";
			};
			name = Debug;
		};
		161833592A5551AC0083BC43 /* Release */ = {
			isa = XCBuildConfiguration;
			baseConfigurationReference = 3318F217C35C703AC0CB1D70 /* Pods-ImageMemoryDemo.release.xcconfig */;
			buildSettings = {
				ASSETCATALOG_COMPILER_APPICON_NAME = AppIcon;
				ASSETCATALOG_COMPILER_GLOBAL_ACCENT_COLOR_NAME = AccentColor;
				CODE_SIGN_STYLE = Automatic;
				CURRENT_PROJECT_VERSION = 1;
				DEVELOPMENT_TEAM = M7BT2MY453;
				GENERATE_INFOPLIST_FILE = YES;
				INFOPLIST_FILE = ImageMemoryDemo/Info.plist;
				INFOPLIST_KEY_UIApplicationSupportsIndirectInputEvents = YES;
				INFOPLIST_KEY_UILaunchStoryboardName = LaunchScreen;
				INFOPLIST_KEY_UIMainStoryboardFile = Main;
				INFOPLIST_KEY_UISupportedInterfaceOrientations = UIInterfaceOrientationPortrait;
				INFOPLIST_KEY_UISupportedInterfaceOrientations_iPad = "UIInterfaceOrientationLandscapeLeft UIInterfaceOrientationPortrait";
				IPHONEOS_DEPLOYMENT_TARGET = 16.0;
				LD_RUNPATH_SEARCH_PATHS = (
					"$(inherited)",
					"@executable_path/Frameworks",
				);
				MARKETING_VERSION = 1.0;
				PRODUCT_BUNDLE_IDENTIFIER = com.hualala.imageMemoryDemo.ImageMemoryDemo;
				PRODUCT_NAME = "$(TARGET_NAME)";
				SWIFT_EMIT_LOC_STRINGS = YES;
				TARGETED_DEVICE_FAMILY = "1,2";
			};
			name = Release;
		};
/* End XCBuildConfiguration section */

/* Begin XCConfigurationList section */
		161833392A5551A80083BC43 /* Build configuration list for PBXProject "ImageMemoryDemo" */ = {
			isa = XCConfigurationList;
			buildConfigurations = (
				161833552A5551AC0083BC43 /* Debug */,
				161833562A5551AC0083BC43 /* Release */,
			);
			defaultConfigurationIsVisible = 0;
			defaultConfigurationName = Release;
		};
		161833572A5551AC0083BC43 /* Build configuration list for PBXNativeTarget "ImageMemoryDemo" */ = {
			isa = XCConfigurationList;
			buildConfigurations = (
				161833582A5551AC0083BC43 /* Debug */,
				161833592A5551AC0083BC43 /* Release */,
			);
			defaultConfigurationIsVisible = 0;
			defaultConfigurationName = Release;
		};
/* End XCConfigurationList section */
	};
	rootObject = 161833362A5551A80083BC43 /* Project object */;
}
